// !$*UTF8*$!
{
	archiveVersion = 1;
	classes = {
	};
	objectVersion = 46;
	objects = {

/* Begin PBXBuildFile section */
		713CBDAD1B08B04200B79AFE /* AppDelegate.swift in Sources */ = {isa = PBXBuildFile; fileRef = 713CBDAC1B08B04200B79AFE /* AppDelegate.swift */; };
		713CBDAF1B08B04200B79AFE /* ViewController.swift in Sources */ = {isa = PBXBuildFile; fileRef = 713CBDAE1B08B04200B79AFE /* ViewController.swift */; };
		713CBDB21B08B04200B79AFE /* Main.storyboard in Resources */ = {isa = PBXBuildFile; fileRef = 713CBDB01B08B04200B79AFE /* Main.storyboard */; };
		713CBDB41B08B04200B79AFE /* Images.xcassets in Resources */ = {isa = PBXBuildFile; fileRef = 713CBDB31B08B04200B79AFE /* Images.xcassets */; };
		713CBDB71B08B04200B79AFE /* LaunchScreen.xib in Resources */ = {isa = PBXBuildFile; fileRef = 713CBDB51B08B04200B79AFE /* LaunchScreen.xib */; };
		713CBDC31B08B04200B79AFE /* DPSFloatingLabelTextFieldDemoTests.swift in Sources */ = {isa = PBXBuildFile; fileRef = 713CBDC21B08B04200B79AFE /* DPSFloatingLabelTextFieldDemoTests.swift */; };
		71C2DC1D1B0963400034BBEC /* DPSFloatingLabelTextField.framework in Frameworks */ = {isa = PBXBuildFile; fileRef = 71C2DC1C1B0963400034BBEC /* DPSFloatingLabelTextField.framework */; };
/* End PBXBuildFile section */

/* Begin PBXContainerItemProxy section */
		713CBDBD1B08B04200B79AFE /* PBXContainerItemProxy */ = {
			isa = PBXContainerItemProxy;
			containerPortal = 713CBD9F1B08B04200B79AFE /* Project object */;
			proxyType = 1;
			remoteGlobalIDString = 713CBDA61B08B04200B79AFE;
			remoteInfo = DPSFloatingLabelTextFieldDemo;
		};
/* End PBXContainerItemProxy section */

/* Begin PBXFileReference section */
		713CBDA71B08B04200B79AFE /* DPSFloatingLabelTextFieldDemo.app */ = {isa = PBXFileReference; explicitFileType = wrapper.application; includeInIndex = 0; path = DPSFloatingLabelTextFieldDemo.app; sourceTree = BUILT_PRODUCTS_DIR; };
		713CBDAB1B08B04200B79AFE /* Info.plist */ = {isa = PBXFileReference; lastKnownFileType = text.plist.xml; path = Info.plist; sourceTree = "<group>"; };
		713CBDAC1B08B04200B79AFE /* AppDelegate.swift */ = {isa = PBXFileReference; lastKnownFileType = sourcecode.swift; path = AppDelegate.swift; sourceTree = "<group>"; };
		713CBDAE1B08B04200B79AFE /* ViewController.swift */ = {isa = PBXFileReference; lastKnownFileType = sourcecode.swift; path = ViewController.swift; sourceTree = "<group>"; };
		713CBDB11B08B04200B79AFE /* Base */ = {isa = PBXFileReference; lastKnownFileType = file.storyboard; name = Base; path = Base.lproj/Main.storyboard; sourceTree = "<group>"; };
		713CBDB31B08B04200B79AFE /* Images.xcassets */ = {isa = PBXFileReference; lastKnownFileType = folder.assetcatalog; path = Images.xcassets; sourceTree = "<group>"; };
		713CBDB61B08B04200B79AFE /* Base */ = {isa = PBXFileReference; lastKnownFileType = file.xib; name = Base; path = Base.lproj/LaunchScreen.xib; sourceTree = "<group>"; };
		713CBDBC1B08B04200B79AFE /* DPSFloatingLabelTextFieldDemoTests.xctest */ = {isa = PBXFileReference; explicitFileType = wrapper.cfbundle; includeInIndex = 0; path = DPSFloatingLabelTextFieldDemoTests.xctest; sourceTree = BUILT_PRODUCTS_DIR; };
		713CBDC11B08B04200B79AFE /* Info.plist */ = {isa = PBXFileReference; lastKnownFileType = text.plist.xml; path = Info.plist; sourceTree = "<group>"; };
		713CBDC21B08B04200B79AFE /* DPSFloatingLabelTextFieldDemoTests.swift */ = {isa = PBXFileReference; lastKnownFileType = sourcecode.swift; path = DPSFloatingLabelTextFieldDemoTests.swift; sourceTree = "<group>"; };
		71C2DC1C1B0963400034BBEC /* DPSFloatingLabelTextField.framework */ = {isa = PBXFileReference; lastKnownFileType = wrapper.framework; name = DPSFloatingLabelTextField.framework; path = "../build/Debug-iphoneos/DPSFloatingLabelTextField.framework"; sourceTree = "<group>"; };
/* End PBXFileReference section */

/* Begin PBXFrameworksBuildPhase section */
		713CBDA41B08B04200B79AFE /* Frameworks */ = {
			isa = PBXFrameworksBuildPhase;
			buildActionMask = 2147483647;
			files = (
				71C2DC1D1B0963400034BBEC /* DPSFloatingLabelTextField.framework in Frameworks */,
			);
			runOnlyForDeploymentPostprocessing = 0;
		};
		713CBDB91B08B04200B79AFE /* Frameworks */ = {
			isa = PBXFrameworksBuildPhase;
			buildActionMask = 2147483647;
			files = (
			);
			runOnlyForDeploymentPostprocessing = 0;
		};
/* End PBXFrameworksBuildPhase section */

/* Begin PBXGroup section */
		713CBD9E1B08B04200B79AFE = {
			isa = PBXGroup;
			children = (
				71C2DC1C1B0963400034BBEC /* DPSFloatingLabelTextField.framework */,
				713CBDA91B08B04200B79AFE /* DPSFloatingLabelTextFieldDemo */,
				713CBDBF1B08B04200B79AFE /* DPSFloatingLabelTextFieldDemoTests */,
				713CBDA81B08B04200B79AFE /* Products */,
			);
			sourceTree = "<group>";
		};
		713CBDA81B08B04200B79AFE /* Products */ = {
			isa = PBXGroup;
			children = (
				713CBDA71B08B04200B79AFE /* DPSFloatingLabelTextFieldDemo.app */,
				713CBDBC1B08B04200B79AFE /* DPSFloatingLabelTextFieldDemoTests.xctest */,
			);
			name = Products;
			sourceTree = "<group>";
		};
		713CBDA91B08B04200B79AFE /* DPSFloatingLabelTextFieldDemo */ = {
			isa = PBXGroup;
			children = (
				713CBDAC1B08B04200B79AFE /* AppDelegate.swift */,
				713CBDB31B08B04200B79AFE /* Images.xcassets */,
				713CBDB51B08B04200B79AFE /* LaunchScreen.xib */,
				713CBDB01B08B04200B79AFE /* Main.storyboard */,
				713CBDAA1B08B04200B79AFE /* Supporting Files */,
				713CBDAE1B08B04200B79AFE /* ViewController.swift */,
			);
			path = DPSFloatingLabelTextFieldDemo;
			sourceTree = "<group>";
		};
		713CBDAA1B08B04200B79AFE /* Supporting Files */ = {
			isa = PBXGroup;
			children = (
				713CBDAB1B08B04200B79AFE /* Info.plist */,
			);
			name = "Supporting Files";
			sourceTree = "<group>";
		};
		713CBDBF1B08B04200B79AFE /* DPSFloatingLabelTextFieldDemoTests */ = {
			isa = PBXGroup;
			children = (
				713CBDC21B08B04200B79AFE /* DPSFloatingLabelTextFieldDemoTests.swift */,
				713CBDC01B08B04200B79AFE /* Supporting Files */,
			);
			path = DPSFloatingLabelTextFieldDemoTests;
			sourceTree = "<group>";
		};
		713CBDC01B08B04200B79AFE /* Supporting Files */ = {
			isa = PBXGroup;
			children = (
				713CBDC11B08B04200B79AFE /* Info.plist */,
			);
			name = "Supporting Files";
			sourceTree = "<group>";
		};
/* End PBXGroup section */

/* Begin PBXNativeTarget section */
		713CBDA61B08B04200B79AFE /* DPSFloatingLabelTextFieldDemo */ = {
			isa = PBXNativeTarget;
			buildConfigurationList = 713CBDC61B08B04200B79AFE /* Build configuration list for PBXNativeTarget "DPSFloatingLabelTextFieldDemo" */;
			buildPhases = (
				713CBDA31B08B04200B79AFE /* Sources */,
				713CBDA41B08B04200B79AFE /* Frameworks */,
				713CBDA51B08B04200B79AFE /* Resources */,
			);
			buildRules = (
			);
			dependencies = (
			);
			name = DPSFloatingLabelTextFieldDemo;
			productName = DPSFloatingLabelTextFieldDemo;
			productReference = 713CBDA71B08B04200B79AFE /* DPSFloatingLabelTextFieldDemo.app */;
			productType = "com.apple.product-type.application";
		};
		713CBDBB1B08B04200B79AFE /* DPSFloatingLabelTextFieldDemoTests */ = {
			isa = PBXNativeTarget;
			buildConfigurationList = 713CBDC91B08B04200B79AFE /* Build configuration list for PBXNativeTarget "DPSFloatingLabelTextFieldDemoTests" */;
			buildPhases = (
				713CBDB81B08B04200B79AFE /* Sources */,
				713CBDB91B08B04200B79AFE /* Frameworks */,
				713CBDBA1B08B04200B79AFE /* Resources */,
			);
			buildRules = (
			);
			dependencies = (
				713CBDBE1B08B04200B79AFE /* PBXTargetDependency */,
			);
			name = DPSFloatingLabelTextFieldDemoTests;
			productName = DPSFloatingLabelTextFieldDemoTests;
			productReference = 713CBDBC1B08B04200B79AFE /* DPSFloatingLabelTextFieldDemoTests.xctest */;
			productType = "com.apple.product-type.bundle.unit-test";
		};
/* End PBXNativeTarget section */

/* Begin PBXProject section */
		713CBD9F1B08B04200B79AFE /* Project object */ = {
			isa = PBXProject;
			attributes = {
				LastUpgradeCheck = 0630;
				ORGANIZATIONNAME = DuneParkSoftware;
				TargetAttributes = {
					713CBDA61B08B04200B79AFE = {
						CreatedOnToolsVersion = 6.3.1;
					};
					713CBDBB1B08B04200B79AFE = {
						CreatedOnToolsVersion = 6.3.1;
						TestTargetID = 713CBDA61B08B04200B79AFE;
					};
				};
			};
			buildConfigurationList = 713CBDA21B08B04200B79AFE /* Build configuration list for PBXProject "DPSFloatingLabelTextFieldDemo" */;
			compatibilityVersion = "Xcode 3.2";
			developmentRegion = English;
			hasScannedForEncodings = 0;
			knownRegions = (
				en,
				Base,
			);
			mainGroup = 713CBD9E1B08B04200B79AFE;
			productRefGroup = 713CBDA81B08B04200B79AFE /* Products */;
			projectDirPath = "";
			projectRoot = "";
			targets = (
				713CBDA61B08B04200B79AFE /* DPSFloatingLabelTextFieldDemo */,
				713CBDBB1B08B04200B79AFE /* DPSFloatingLabelTextFieldDemoTests */,
			);
		};
/* End PBXProject section */

/* Begin PBXResourcesBuildPhase section */
		713CBDA51B08B04200B79AFE /* Resources */ = {
			isa = PBXResourcesBuildPhase;
			buildActionMask = 2147483647;
			files = (
				713CBDB21B08B04200B79AFE /* Main.storyboard in Resources */,
				713CBDB71B08B04200B79AFE /* LaunchScreen.xib in Resources */,
				713CBDB41B08B04200B79AFE /* Images.xcassets in Resources */,
			);
			runOnlyForDeploymentPostprocessing = 0;
		};
		713CBDBA1B08B04200B79AFE /* Resources */ = {
			isa = PBXResourcesBuildPhase;
			buildActionMask = 2147483647;
			files = (
			);
			runOnlyForDeploymentPostprocessing = 0;
		};
/* End PBXResourcesBuildPhase section */

/* Begin PBXSourcesBuildPhase section */
		713CBDA31B08B04200B79AFE /* Sources */ = {
			isa = PBXSourcesBuildPhase;
			buildActionMask = 2147483647;
			files = (
				713CBDAF1B08B04200B79AFE /* ViewController.swift in Sources */,
				713CBDAD1B08B04200B79AFE /* AppDelegate.swift in Sources */,
			);
			runOnlyForDeploymentPostprocessing = 0;
		};
		713CBDB81B08B04200B79AFE /* Sources */ = {
			isa = PBXSourcesBuildPhase;
			buildActionMask = 2147483647;
			files = (
				713CBDC31B08B04200B79AFE /* DPSFloatingLabelTextFieldDemoTests.swift in Sources */,
			);
			runOnlyForDeploymentPostprocessing = 0;
		};
/* End PBXSourcesBuildPhase section */

/* Begin PBXTargetDependency section */
		713CBDBE1B08B04200B79AFE /* PBXTargetDependency */ = {
			isa = PBXTargetDependency;
			target = 713CBDA61B08B04200B79AFE /* DPSFloatingLabelTextFieldDemo */;
			targetProxy = 713CBDBD1B08B04200B79AFE /* PBXContainerItemProxy */;
		};
/* End PBXTargetDependency section */

/* Begin PBXVariantGroup section */
		713CBDB01B08B04200B79AFE /* Main.storyboard */ = {
			isa = PBXVariantGroup;
			children = (
				713CBDB11B08B04200B79AFE /* Base */,
			);
			name = Main.storyboard;
			sourceTree = "<group>";
		};
		713CBDB51B08B04200B79AFE /* LaunchScreen.xib */ = {
			isa = PBXVariantGroup;
			children = (
				713CBDB61B08B04200B79AFE /* Base */,
			);
			name = LaunchScreen.xib;
			sourceTree = "<group>";
		};
/* End PBXVariantGroup section */

/* Begin XCBuildConfiguration section */
		713CBDC41B08B04200B79AFE /* Debug */ = {
			isa = XCBuildConfiguration;
			buildSettings = {
				ALWAYS_SEARCH_USER_PATHS = NO;
				CLANG_CXX_LANGUAGE_STANDARD = "gnu++0x";
				CLANG_CXX_LIBRARY = "libc++";
				CLANG_ENABLE_MODULES = YES;
				CLANG_ENABLE_OBJC_ARC = YES;
				CLANG_WARN_BOOL_CONVERSION = YES;
				CLANG_WARN_CONSTANT_CONVERSION = YES;
				CLANG_WARN_DIRECT_OBJC_ISA_USAGE = YES_ERROR;
				CLANG_WARN_EMPTY_BODY = YES;
				CLANG_WARN_ENUM_CONVERSION = YES;
				CLANG_WARN_INT_CONVERSION = YES;
				CLANG_WARN_OBJC_ROOT_CLASS = YES_ERROR;
				CLANG_WARN_UNREACHABLE_CODE = YES;
				CLANG_WARN__DUPLICATE_METHOD_MATCH = YES;
				"CODE_SIGN_IDENTITY[sdk=iphoneos*]" = "iPhone Developer";
				COPY_PHASE_STRIP = NO;
				DEBUG_INFORMATION_FORMAT = "dwarf-with-dsym";
				EMBEDDED_CONTENT_CONTAINS_SWIFT = YES;
				ENABLE_STRICT_OBJC_MSGSEND = YES;
				GCC_C_LANGUAGE_STANDARD = gnu99;
				GCC_DYNAMIC_NO_PIC = NO;
				GCC_NO_COMMON_BLOCKS = YES;
				GCC_OPTIMIZATION_LEVEL = 0;
				GCC_PREPROCESSOR_DEFINITIONS = (
					"DEBUG=1",
					"$(inherited)",
				);
				GCC_SYMBOLS_PRIVATE_EXTERN = NO;
				GCC_WARN_64_TO_32_BIT_CONVERSION = YES;
				GCC_WARN_ABOUT_RETURN_TYPE = YES_ERROR;
				GCC_WARN_UNDECLARED_SELECTOR = YES;
				GCC_WARN_UNINITIALIZED_AUTOS = YES_AGGRESSIVE;
				GCC_WARN_UNUSED_FUNCTION = YES;
				GCC_WARN_UNUSED_VARIABLE = YES;
				IPHONEOS_DEPLOYMENT_TARGET = 8.3;
				MTL_ENABLE_DEBUG_INFO = YES;
				ONLY_ACTIVE_ARCH = YES;
				SDKROOT = iphoneos;
				SWIFT_OPTIMIZATION_LEVEL = "-Onone";
			};
			name = Debug;
		};
		713CBDC51B08B04200B79AFE /* Release */ = {
			isa = XCBuildConfiguration;
			buildSettings = {
				ALWAYS_SEARCH_USER_PATHS = NO;
				CLANG_CXX_LANGUAGE_STANDARD = "gnu++0x";
				CLANG_CXX_LIBRARY = "libc++";
				CLANG_ENABLE_MODULES = YES;
				CLANG_ENABLE_OBJC_ARC = YES;
				CLANG_WARN_BOOL_CONVERSION = YES;
				CLANG_WARN_CONSTANT_CONVERSION = YES;
				CLANG_WARN_DIRECT_OBJC_ISA_USAGE = YES_ERROR;
				CLANG_WARN_EMPTY_BODY = YES;
				CLANG_WARN_ENUM_CONVERSION = YES;
				CLANG_WARN_INT_CONVERSION = YES;
				CLANG_WARN_OBJC_ROOT_CLASS = YES_ERROR;
				CLANG_WARN_UNREACHABLE_CODE = YES;
				CLANG_WARN__DUPLICATE_METHOD_MATCH = YES;
				"CODE_SIGN_IDENTITY[sdk=iphoneos*]" = "iPhone Developer";
				COPY_PHASE_STRIP = NO;
				DEBUG_INFORMATION_FORMAT = "dwarf-with-dsym";
				EMBEDDED_CONTENT_CONTAINS_SWIFT = YES;
				ENABLE_NS_ASSERTIONS = NO;
				ENABLE_STRICT_OBJC_MSGSEND = YES;
				GCC_C_LANGUAGE_STANDARD = gnu99;
				GCC_NO_COMMON_BLOCKS = YES;
				GCC_WARN_64_TO_32_BIT_CONVERSION = YES;
				GCC_WARN_ABOUT_RETURN_TYPE = YES_ERROR;
				GCC_WARN_UNDECLARED_SELECTOR = YES;
				GCC_WARN_UNINITIALIZED_AUTOS = YES_AGGRESSIVE;
				GCC_WARN_UNUSED_FUNCTION = YES;
				GCC_WARN_UNUSED_VARIABLE = YES;
				IPHONEOS_DEPLOYMENT_TARGET = 8.3;
				MTL_ENABLE_DEBUG_INFO = NO;
				SDKROOT = iphoneos;
				VALIDATE_PRODUCT = YES;
			};
			name = Release;
		};
		713CBDC71B08B04200B79AFE /* Debug */ = {
			isa = XCBuildConfiguration;
			buildSettings = {
				ASSETCATALOG_COMPILER_APPICON_NAME = AppIcon;
				FRAMEWORK_SEARCH_PATHS = (
					"$(inherited)",
					"/Users/s6eab/Desktop/DPSFloatingLabelTextField/build/Debug-iphoneos",
				);
				INFOPLIST_FILE = DPSFloatingLabelTextFieldDemo/Info.plist;
				LD_RUNPATH_SEARCH_PATHS = "$(inherited) @executable_path/Frameworks";
				PRODUCT_NAME = "$(TARGET_NAME)";
			};
			name = Debug;
		};
		713CBDC81B08B04200B79AFE /* Release */ = {
			isa = XCBuildConfiguration;
			buildSettings = {
				ASSETCATALOG_COMPILER_APPICON_NAME = AppIcon;
				FRAMEWORK_SEARCH_PATHS = (
					"$(inherited)",
					"/Users/s6eab/Desktop/DPSFloatingLabelTextField/build/Debug-iphoneos",
				);
				INFOPLIST_FILE = DPSFloatingLabelTextFieldDemo/Info.plist;
				LD_RUNPATH_SEARCH_PATHS = "$(inherited) @executable_path/Frameworks";
				PRODUCT_NAME = "$(TARGET_NAME)";
			};
			name = Release;
		};
		713CBDCA1B08B04200B79AFE /* Debug */ = {
			isa = XCBuildConfiguration;
			buildSettings = {
				BUNDLE_LOADER = "$(TEST_HOST)";
				FRAMEWORK_SEARCH_PATHS = (
					"$(SDKROOT)/Developer/Library/Frameworks",
					"$(inherited)",
				);
				GCC_PREPROCESSOR_DEFINITIONS = (
					"DEBUG=1",
					"$(inherited)",
				);
				INFOPLIST_FILE = DPSFloatingLabelTextFieldDemoTests/Info.plist;
				LD_RUNPATH_SEARCH_PATHS = "$(inherited) @executable_path/Frameworks @loader_path/Frameworks";
				PRODUCT_NAME = "$(TARGET_NAME)";
				TEST_HOST = "$(BUILT_PRODUCTS_DIR)/DPSFloatingLabelTextFieldDemo.app/DPSFloatingLabelTextFieldDemo";
			};
			name = Debug;
		};
		713CBDCB1B08B04200B79AFE /* Release */ = {
			isa = XCBuildConfiguration;
			buildSettings = {
				BUNDLE_LOADER = "$(TEST_HOST)";
				FRAMEWORK_SEARCH_PATHS = (
					"$(SDKROOT)/Developer/Library/Frameworks",
					"$(inherited)",
				);
				INFOPLIST_FILE = DPSFloatingLabelTextFieldDemoTests/Info.plist;
				LD_RUNPATH_SEARCH_PATHS = "$(inherited) @executable_path/Frameworks @loader_path/Frameworks";
				PRODUCT_NAME = "$(TARGET_NAME)";
				TEST_HOST = "$(BUILT_PRODUCTS_DIR)/DPSFloatingLabelTextFieldDemo.app/DPSFloatingLabelTextFieldDemo";
			};
			name = Release;
		};
/* End XCBuildConfiguration section */

/* Begin XCConfigurationList section */
		713CBDA21B08B04200B79AFE /* Build configuration list for PBXProject "DPSFloatingLabelTextFieldDemo" */ = {
			isa = XCConfigurationList;
			buildConfigurations = (
				713CBDC41B08B04200B79AFE /* Debug */,
				713CBDC51B08B04200B79AFE /* Release */,
			);
			defaultConfigurationIsVisible = 0;
			defaultConfigurationName = Release;
		};
		713CBDC61B08B04200B79AFE /* Build configuration list for PBXNativeTarget "DPSFloatingLabelTextFieldDemo" */ = {
			isa = XCConfigurationList;
			buildConfigurations = (
				713CBDC71B08B04200B79AFE /* Debug */,
				713CBDC81B08B04200B79AFE /* Release */,
			);
			defaultConfigurationIsVisible = 0;
			defaultConfigurationName = Release;
		};
		713CBDC91B08B04200B79AFE /* Build configuration list for PBXNativeTarget "DPSFloatingLabelTextFieldDemoTests" */ = {
			isa = XCConfigurationList;
			buildConfigurations = (
				713CBDCA1B08B04200B79AFE /* Debug */,
				713CBDCB1B08B04200B79AFE /* Release */,
			);
			defaultConfigurationIsVisible = 0;
			defaultConfigurationName = Release;
		};
/* End XCConfigurationList section */
	};
	rootObject = 713CBD9F1B08B04200B79AFE /* Project object */;
}
